
Microsoft Visual Studio Solution File, Format Version 12.00
# Visual Studio 14
VisualStudioVersion = 14.0.25420.1
MinimumVisualStudioVersion = 10.0.40219.1
Project("{FAE04EC0-301F-11D3-BF4B-00C04F79EFBC}") = "CF.Data", "CF.Data\CF.Data.csproj", "{AFF907B5-AB08-4BFB-80F2-7C30E5ECCFAF}"
EndProject
Project("{FAE04EC0-301F-11D3-BF4B-00C04F79EFBC}") = "CF.Repo", "CF.Repo\CF.Repo.csproj", "{2FA718CB-2072-434C-914D-8F31237682C6}"
EndProject
Project("{FAE04EC0-301F-11D3-BF4B-00C04F79EFBC}") = "CrudRepository", "CrudRepository\CrudRepository.csproj", "{734F41BC-92DB-4347-A8AA-4D94F2755B0F}"
EndProject
Project("{FAE04EC0-301F-11D3-BF4B-00C04F79EFBC}") = "CF.Service", "CF.Service\CF.Service.csproj", "{194EE7C3-9A72-42C5-8E56-56BBDECC0747}"
EndProject
Project("{FAE04EC0-301F-11D3-BF4B-00C04F79EFBC}") = "UnitTest", "UnitTest\UnitTest.csproj", "{478A84DB-A3C2-4D32-BDAC-1539131269B9}"
EndProject
Project("{FAE04EC0-301F-11D3-BF4B-00C04F79EFBC}") = "UnitTestProject2", "UnitTestProject2\UnitTestProject2.csproj", "{C059CF4C-1AAA-40E9-98C9-FFF0D192AE64}"
EndProject
Global
	GlobalSection(SolutionConfigurationPlatforms) = preSolution
		Debug|Any CPU = Debug|Any CPU
		Release|Any CPU = Release|Any CPU
	EndGlobalSection
	GlobalSection(ProjectConfigurationPlatforms) = postSolution
		{AFF907B5-AB08-4BFB-80F2-7C30E5ECCFAF}.Debug|Any CPU.ActiveCfg = Debug|Any CPU
		{AFF907B5-AB08-4BFB-80F2-7C30E5ECCFAF}.Debug|Any CPU.Build.0 = Debug|Any CPU
		{AFF907B5-AB08-4BFB-80F2-7C30E5ECCFAF}.Release|Any CPU.ActiveCfg = Release|Any CPU
		{AFF907B5-AB08-4BFB-80F2-7C30E5ECCFAF}.Release|Any CPU.Build.0 = Release|Any CPU
		{2FA718CB-2072-434C-914D-8F31237682C6}.Debug|Any CPU.ActiveCfg = Debug|Any CPU
		{2FA718CB-2072-434C-914D-8F31237682C6}.Debug|Any CPU.Build.0 = Debug|Any CPU
		{2FA718CB-2072-434C-914D-8F31237682C6}.Release|Any CPU.ActiveCfg = Release|Any CPU
		{2FA718CB-2072-434C-914D-8F31237682C6}.Release|Any CPU.Build.0 = Release|Any CPU
		{734F41BC-92DB-4347-A8AA-4D94F2755B0F}.Debug|Any CPU.ActiveCfg = Debug|Any CPU
		{734F41BC-92DB-4347-A8AA-4D94F2755B0F}.Debug|Any CPU.Build.0 = Debug|Any CPU
		{734F41BC-92DB-4347-A8AA-4D94F2755B0F}.Release|Any CPU.ActiveCfg = Release|Any CPU
		{734F41BC-92DB-4347-A8AA-4D94F2755B0F}.Release|Any CPU.Build.0 = Release|Any CPU
		{194EE7C3-9A72-42C5-8E56-56BBDECC0747}.Debug|Any CPU.ActiveCfg = Debug|Any CPU
		{194EE7C3-9A72-42C5-8E56-56BBDECC0747}.Debug|Any CPU.Build.0 = Debug|Any CPU
		{194EE7C3-9A72-42C5-8E56-56BBDECC0747}.Release|Any CPU.ActiveCfg = Release|Any CPU
		{194EE7C3-9A72-42C5-8E56-56BBDECC0747}.Release|Any CPU.Build.0 = Release|Any CPU
		{478A84DB-A3C2-4D32-BDAC-1539131269B9}.Debug|Any CPU.ActiveCfg = Debug|Any CPU
		{478A84DB-A3C2-4D32-BDAC-1539131269B9}.Debug|Any CPU.Build.0 = Debug|Any CPU
		{478A84DB-A3C2-4D32-BDAC-1539131269B9}.Release|Any CPU.ActiveCfg = Release|Any CPU
		{478A84DB-A3C2-4D32-BDAC-1539131269B9}.Release|Any CPU.Build.0 = Release|Any CPU
		{C059CF4C-1AAA-40E9-98C9-FFF0D192AE64}.Debug|Any CPU.ActiveCfg = Debug|Any CPU
		{C059CF4C-1AAA-40E9-98C9-FFF0D192AE64}.Debug|Any CPU.Build.0 = Debug|Any CPU
		{C059CF4C-1AAA-40E9-98C9-FFF0D192AE64}.Release|Any CPU.ActiveCfg = Release|Any CPU
		{C059CF4C-1AAA-40E9-98C9-FFF0D192AE64}.Release|Any CPU.Build.0 = Release|Any CPU
	EndGlobalSection
	GlobalSection(SolutionProperties) = preSolution
		HideSolutionNode = FALSE
	EndGlobalSection
EndGlobal
